
Microsoft Visual Studio Solution File, Format Version 12.00
# Visual Studio 15
VisualStudioVersion = 15.0.26124.0
MinimumVisualStudioVersion = 15.0.26124.0
Project("{2150E333-8FDC-42A3-9474-1A3956D46DE8}") = "src", "src", "{B7E9A229-AB31-47E5-A5BD-EA96F839A5AC}"
EndProject
Project("{FAE04EC0-301F-11D3-BF4B-00C04F79EFBC}") = "Coberec.CLI", "src\Coberec.CLI\Coberec.CLI.csproj", "{BE144C5A-5886-44E3-9056-66E170EA5710}"
EndProject
Project("{FAE04EC0-301F-11D3-BF4B-00C04F79EFBC}") = "Coberec.CSharpGen", "src\Coberec.CSharpGen\Coberec.CSharpGen.csproj", "{A8044164-57E0-4D70-B573-66B0EBD7C3BB}"
EndProject
Project("{FAE04EC0-301F-11D3-BF4B-00C04F79EFBC}") = "Coberec.MetaSchema", "src\Coberec.MetaSchema\Coberec.MetaSchema.csproj", "{ED58046D-6764-4860-AEC1-472336D7AEE9}"
EndProject
Project("{FAE04EC0-301F-11D3-BF4B-00C04F79EFBC}") = "Coberec.Tests", "src\Coberec.Tests\Coberec.Tests.csproj", "{9FD0E589-53DA-4E4D-9EF8-D66B4B764BCB}"
EndProject
Project("{2150E333-8FDC-42A3-9474-1A3956D46DE8}") = "deps", "deps", "{2C20E006-2DA4-4248-8B98-506C906F5D0B}"
EndProject
Project("{2150E333-8FDC-42A3-9474-1A3956D46DE8}") = "ILSpy", "ILSpy", "{8C542FB3-DC53-4E4F-AFF6-31FF07287F6D}"
EndProject
Project("{FAE04EC0-301F-11D3-BF4B-00C04F79EFBC}") = "ICSharpCode.Decompiler", "deps\ILSpy\ICSharpCode.Decompiler\ICSharpCode.Decompiler.csproj", "{9DEE1830-82F5-4309-A760-961C9355B2E1}"
EndProject
Project("{FAE04EC0-301F-11D3-BF4B-00C04F79EFBC}") = "Coberec.JsonSerialization", "src\Coberec.JsonSerialization\Coberec.JsonSerialization.csproj", "{1DEC44CD-2E4D-4FBB-B856-3D4582736533}"
EndProject
Project("{FAE04EC0-301F-11D3-BF4B-00C04F79EFBC}") = "SampleProject", "src\SampleProject\SampleProject.csproj", "{52B7DA12-A127-408F-9D1A-26EAB7F8A3DF}"
EndProject
Project("{FAE04EC0-301F-11D3-BF4B-00C04F79EFBC}") = "Coberec.ExprCS.Tests", "src\Coberec.ExprCS.Tests\Coberec.ExprCS.Tests.csproj", "{F6541E4C-B740-4D2C-B1F5-6C48FA56D33E}"
EndProject
Project("{FAE04EC0-301F-11D3-BF4B-00C04F79EFBC}") = "Coberec.ExprCS", "src\Coberec.ExprCS\Coberec.ExprCS.csproj", "{600CF1CE-F825-413C-ABD2-5B419D87EC0F}"
EndProject
Project("{FAE04EC0-301F-11D3-BF4B-00C04F79EFBC}") = "Coberec.GraphqlLoader", "src\Coberec.GraphqlLoader\Coberec.GraphqlLoader.csproj", "{82942005-087A-4FA9-A540-E49CBFF11153}"
EndProject
Global
	GlobalSection(SolutionConfigurationPlatforms) = preSolution
		Debug|Any CPU = Debug|Any CPU
		Debug|x64 = Debug|x64
		Debug|x86 = Debug|x86
		Release|Any CPU = Release|Any CPU
		Release|x64 = Release|x64
		Release|x86 = Release|x86
	EndGlobalSection
	GlobalSection(SolutionProperties) = preSolution
		HideSolutionNode = FALSE
	EndGlobalSection
	GlobalSection(ProjectConfigurationPlatforms) = postSolution
		{BE144C5A-5886-44E3-9056-66E170EA5710}.Debug|Any CPU.ActiveCfg = Debug|Any CPU
		{BE144C5A-5886-44E3-9056-66E170EA5710}.Debug|Any CPU.Build.0 = Debug|Any CPU
		{BE144C5A-5886-44E3-9056-66E170EA5710}.Debug|x64.ActiveCfg = Debug|Any CPU
		{BE144C5A-5886-44E3-9056-66E170EA5710}.Debug|x64.Build.0 = Debug|Any CPU
		{BE144C5A-5886-44E3-9056-66E170EA5710}.Debug|x86.ActiveCfg = Debug|Any CPU
		{BE144C5A-5886-44E3-9056-66E170EA5710}.Debug|x86.Build.0 = Debug|Any CPU
		{BE144C5A-5886-44E3-9056-66E170EA5710}.Release|Any CPU.ActiveCfg = Release|Any CPU
		{BE144C5A-5886-44E3-9056-66E170EA5710}.Release|Any CPU.Build.0 = Release|Any CPU
		{BE144C5A-5886-44E3-9056-66E170EA5710}.Release|x64.ActiveCfg = Release|Any CPU
		{BE144C5A-5886-44E3-9056-66E170EA5710}.Release|x64.Build.0 = Release|Any CPU
		{BE144C5A-5886-44E3-9056-66E170EA5710}.Release|x86.ActiveCfg = Release|Any CPU
		{BE144C5A-5886-44E3-9056-66E170EA5710}.Release|x86.Build.0 = Release|Any CPU
		{A8044164-57E0-4D70-B573-66B0EBD7C3BB}.Debug|Any CPU.ActiveCfg = Debug|Any CPU
		{A8044164-57E0-4D70-B573-66B0EBD7C3BB}.Debug|Any CPU.Build.0 = Debug|Any CPU
		{A8044164-57E0-4D70-B573-66B0EBD7C3BB}.Debug|x64.ActiveCfg = Debug|Any CPU
		{A8044164-57E0-4D70-B573-66B0EBD7C3BB}.Debug|x64.Build.0 = Debug|Any CPU
		{A8044164-57E0-4D70-B573-66B0EBD7C3BB}.Debug|x86.ActiveCfg = Debug|Any CPU
		{A8044164-57E0-4D70-B573-66B0EBD7C3BB}.Debug|x86.Build.0 = Debug|Any CPU
		{A8044164-57E0-4D70-B573-66B0EBD7C3BB}.Release|Any CPU.ActiveCfg = Release|Any CPU
		{A8044164-57E0-4D70-B573-66B0EBD7C3BB}.Release|Any CPU.Build.0 = Release|Any CPU
		{A8044164-57E0-4D70-B573-66B0EBD7C3BB}.Release|x64.ActiveCfg = Release|Any CPU
		{A8044164-57E0-4D70-B573-66B0EBD7C3BB}.Release|x64.Build.0 = Release|Any CPU
		{A8044164-57E0-4D70-B573-66B0EBD7C3BB}.Release|x86.ActiveCfg = Release|Any CPU
		{A8044164-57E0-4D70-B573-66B0EBD7C3BB}.Release|x86.Build.0 = Release|Any CPU
		{ED58046D-6764-4860-AEC1-472336D7AEE9}.Debug|Any CPU.ActiveCfg = Debug|Any CPU
		{ED58046D-6764-4860-AEC1-472336D7AEE9}.Debug|Any CPU.Build.0 = Debug|Any CPU
		{ED58046D-6764-4860-AEC1-472336D7AEE9}.Debug|x64.ActiveCfg = Debug|Any CPU
		{ED58046D-6764-4860-AEC1-472336D7AEE9}.Debug|x64.Build.0 = Debug|Any CPU
		{ED58046D-6764-4860-AEC1-472336D7AEE9}.Debug|x86.ActiveCfg = Debug|Any CPU
		{ED58046D-6764-4860-AEC1-472336D7AEE9}.Debug|x86.Build.0 = Debug|Any CPU
		{ED58046D-6764-4860-AEC1-472336D7AEE9}.Release|Any CPU.ActiveCfg = Release|Any CPU
		{ED58046D-6764-4860-AEC1-472336D7AEE9}.Release|Any CPU.Build.0 = Release|Any CPU
		{ED58046D-6764-4860-AEC1-472336D7AEE9}.Release|x64.ActiveCfg = Release|Any CPU
		{ED58046D-6764-4860-AEC1-472336D7AEE9}.Release|x64.Build.0 = Release|Any CPU
		{ED58046D-6764-4860-AEC1-472336D7AEE9}.Release|x86.ActiveCfg = Release|Any CPU
		{ED58046D-6764-4860-AEC1-472336D7AEE9}.Release|x86.Build.0 = Release|Any CPU
		{9FD0E589-53DA-4E4D-9EF8-D66B4B764BCB}.Debug|Any CPU.ActiveCfg = Debug|Any CPU
		{9FD0E589-53DA-4E4D-9EF8-D66B4B764BCB}.Debug|Any CPU.Build.0 = Debug|Any CPU
		{9FD0E589-53DA-4E4D-9EF8-D66B4B764BCB}.Debug|x64.ActiveCfg = Debug|Any CPU
		{9FD0E589-53DA-4E4D-9EF8-D66B4B764BCB}.Debug|x64.Build.0 = Debug|Any CPU
		{9FD0E589-53DA-4E4D-9EF8-D66B4B764BCB}.Debug|x86.ActiveCfg = Debug|Any CPU
		{9FD0E589-53DA-4E4D-9EF8-D66B4B764BCB}.Debug|x86.Build.0 = Debug|Any CPU
		{9FD0E589-53DA-4E4D-9EF8-D66B4B764BCB}.Release|Any CPU.ActiveCfg = Release|Any CPU
		{9FD0E589-53DA-4E4D-9EF8-D66B4B764BCB}.Release|Any CPU.Build.0 = Release|Any CPU
		{9FD0E589-53DA-4E4D-9EF8-D66B4B764BCB}.Release|x64.ActiveCfg = Release|Any CPU
		{9FD0E589-53DA-4E4D-9EF8-D66B4B764BCB}.Release|x64.Build.0 = Release|Any CPU
		{9FD0E589-53DA-4E4D-9EF8-D66B4B764BCB}.Release|x86.ActiveCfg = Release|Any CPU
		{9FD0E589-53DA-4E4D-9EF8-D66B4B764BCB}.Release|x86.Build.0 = Release|Any CPU
		{9DEE1830-82F5-4309-A760-961C9355B2E1}.Debug|Any CPU.ActiveCfg = Debug|Any CPU
		{9DEE1830-82F5-4309-A760-961C9355B2E1}.Debug|Any CPU.Build.0 = Debug|Any CPU
		{9DEE1830-82F5-4309-A760-961C9355B2E1}.Debug|x64.ActiveCfg = Debug|Any CPU
		{9DEE1830-82F5-4309-A760-961C9355B2E1}.Debug|x64.Build.0 = Debug|Any CPU
		{9DEE1830-82F5-4309-A760-961C9355B2E1}.Debug|x86.ActiveCfg = Debug|Any CPU
		{9DEE1830-82F5-4309-A760-961C9355B2E1}.Debug|x86.Build.0 = Debug|Any CPU
		{9DEE1830-82F5-4309-A760-961C9355B2E1}.Release|Any CPU.ActiveCfg = Release|Any CPU
		{9DEE1830-82F5-4309-A760-961C9355B2E1}.Release|Any CPU.Build.0 = Release|Any CPU
		{9DEE1830-82F5-4309-A760-961C9355B2E1}.Release|x64.ActiveCfg = Release|Any CPU
		{9DEE1830-82F5-4309-A760-961C9355B2E1}.Release|x64.Build.0 = Release|Any CPU
		{9DEE1830-82F5-4309-A760-961C9355B2E1}.Release|x86.ActiveCfg = Release|Any CPU
		{9DEE1830-82F5-4309-A760-961C9355B2E1}.Release|x86.Build.0 = Release|Any CPU
		{1DEC44CD-2E4D-4FBB-B856-3D4582736533}.Debug|Any CPU.ActiveCfg = Debug|Any CPU
		{1DEC44CD-2E4D-4FBB-B856-3D4582736533}.Debug|Any CPU.Build.0 = Debug|Any CPU
		{1DEC44CD-2E4D-4FBB-B856-3D4582736533}.Debug|x64.ActiveCfg = Debug|Any CPU
		{1DEC44CD-2E4D-4FBB-B856-3D4582736533}.Debug|x64.Build.0 = Debug|Any CPU
		{1DEC44CD-2E4D-4FBB-B856-3D4582736533}.Debug|x86.ActiveCfg = Debug|Any CPU
		{1DEC44CD-2E4D-4FBB-B856-3D4582736533}.Debug|x86.Build.0 = Debug|Any CPU
		{1DEC44CD-2E4D-4FBB-B856-3D4582736533}.Release|Any CPU.ActiveCfg = Release|Any CPU
		{1DEC44CD-2E4D-4FBB-B856-3D4582736533}.Release|Any CPU.Build.0 = Release|Any CPU
		{1DEC44CD-2E4D-4FBB-B856-3D4582736533}.Release|x64.ActiveCfg = Release|Any CPU
		{1DEC44CD-2E4D-4FBB-B856-3D4582736533}.Release|x64.Build.0 = Release|Any CPU
		{1DEC44CD-2E4D-4FBB-B856-3D4582736533}.Release|x86.ActiveCfg = Release|Any CPU
		{1DEC44CD-2E4D-4FBB-B856-3D4582736533}.Release|x86.Build.0 = Release|Any CPU
		{52B7DA12-A127-408F-9D1A-26EAB7F8A3DF}.Debug|Any CPU.ActiveCfg = Debug|Any CPU
		{52B7DA12-A127-408F-9D1A-26EAB7F8A3DF}.Debug|Any CPU.Build.0 = Debug|Any CPU
		{52B7DA12-A127-408F-9D1A-26EAB7F8A3DF}.Debug|x64.ActiveCfg = Debug|Any CPU
		{52B7DA12-A127-408F-9D1A-26EAB7F8A3DF}.Debug|x64.Build.0 = Debug|Any CPU
		{52B7DA12-A127-408F-9D1A-26EAB7F8A3DF}.Debug|x86.ActiveCfg = Debug|Any CPU
		{52B7DA12-A127-408F-9D1A-26EAB7F8A3DF}.Debug|x86.Build.0 = Debug|Any CPU
		{52B7DA12-A127-408F-9D1A-26EAB7F8A3DF}.Release|Any CPU.ActiveCfg = Release|Any CPU
		{52B7DA12-A127-408F-9D1A-26EAB7F8A3DF}.Release|Any CPU.Build.0 = Release|Any CPU
		{52B7DA12-A127-408F-9D1A-26EAB7F8A3DF}.Release|x64.ActiveCfg = Release|Any CPU
		{52B7DA12-A127-408F-9D1A-26EAB7F8A3DF}.Release|x64.Build.0 = Release|Any CPU
		{52B7DA12-A127-408F-9D1A-26EAB7F8A3DF}.Release|x86.ActiveCfg = Release|Any CPU
		{52B7DA12-A127-408F-9D1A-26EAB7F8A3DF}.Release|x86.Build.0 = Release|Any CPU
		{F6541E4C-B740-4D2C-B1F5-6C48FA56D33E}.Debug|Any CPU.ActiveCfg = Debug|Any CPU
		{F6541E4C-B740-4D2C-B1F5-6C48FA56D33E}.Debug|Any CPU.Build.0 = Debug|Any CPU
		{F6541E4C-B740-4D2C-B1F5-6C48FA56D33E}.Debug|x64.ActiveCfg = Debug|Any CPU
		{F6541E4C-B740-4D2C-B1F5-6C48FA56D33E}.Debug|x64.Build.0 = Debug|Any CPU
		{F6541E4C-B740-4D2C-B1F5-6C48FA56D33E}.Debug|x86.ActiveCfg = Debug|Any CPU
		{F6541E4C-B740-4D2C-B1F5-6C48FA56D33E}.Debug|x86.Build.0 = Debug|Any CPU
		{F6541E4C-B740-4D2C-B1F5-6C48FA56D33E}.Release|Any CPU.ActiveCfg = Release|Any CPU
		{F6541E4C-B740-4D2C-B1F5-6C48FA56D33E}.Release|Any CPU.Build.0 = Release|Any CPU
		{F6541E4C-B740-4D2C-B1F5-6C48FA56D33E}.Release|x64.ActiveCfg = Release|Any CPU
		{F6541E4C-B740-4D2C-B1F5-6C48FA56D33E}.Release|x64.Build.0 = Release|Any CPU
		{F6541E4C-B740-4D2C-B1F5-6C48FA56D33E}.Release|x86.ActiveCfg = Release|Any CPU
		{F6541E4C-B740-4D2C-B1F5-6C48FA56D33E}.Release|x86.Build.0 = Release|Any CPU
		{600CF1CE-F825-413C-ABD2-5B419D87EC0F}.Debug|Any CPU.ActiveCfg = Debug|Any CPU
		{600CF1CE-F825-413C-ABD2-5B419D87EC0F}.Debug|Any CPU.Build.0 = Debug|Any CPU
		{600CF1CE-F825-413C-ABD2-5B419D87EC0F}.Debug|x64.ActiveCfg = Debug|Any CPU
		{600CF1CE-F825-413C-ABD2-5B419D87EC0F}.Debug|x64.Build.0 = Debug|Any CPU
		{600CF1CE-F825-413C-ABD2-5B419D87EC0F}.Debug|x86.ActiveCfg = Debug|Any CPU
		{600CF1CE-F825-413C-ABD2-5B419D87EC0F}.Debug|x86.Build.0 = Debug|Any CPU
		{600CF1CE-F825-413C-ABD2-5B419D87EC0F}.Release|Any CPU.ActiveCfg = Release|Any CPU
		{600CF1CE-F825-413C-ABD2-5B419D87EC0F}.Release|Any CPU.Build.0 = Release|Any CPU
		{600CF1CE-F825-413C-ABD2-5B419D87EC0F}.Release|x64.ActiveCfg = Release|Any CPU
		{600CF1CE-F825-413C-ABD2-5B419D87EC0F}.Release|x64.Build.0 = Release|Any CPU
		{600CF1CE-F825-413C-ABD2-5B419D87EC0F}.Release|x86.ActiveCfg = Release|Any CPU
		{600CF1CE-F825-413C-ABD2-5B419D87EC0F}.Release|x86.Build.0 = Release|Any CPU
		{82942005-087A-4FA9-A540-E49CBFF11153}.Debug|Any CPU.ActiveCfg = Debug|Any CPU
		{82942005-087A-4FA9-A540-E49CBFF11153}.Debug|Any CPU.Build.0 = Debug|Any CPU
		{82942005-087A-4FA9-A540-E49CBFF11153}.Debug|x64.ActiveCfg = Debug|Any CPU
		{82942005-087A-4FA9-A540-E49CBFF11153}.Debug|x64.Build.0 = Debug|Any CPU
		{82942005-087A-4FA9-A540-E49CBFF11153}.Debug|x86.ActiveCfg = Debug|Any CPU
		{82942005-087A-4FA9-A540-E49CBFF11153}.Debug|x86.Build.0 = Debug|Any CPU
		{82942005-087A-4FA9-A540-E49CBFF11153}.Release|Any CPU.ActiveCfg = Release|Any CPU
		{82942005-087A-4FA9-A540-E49CBFF11153}.Release|Any CPU.Build.0 = Release|Any CPU
		{82942005-087A-4FA9-A540-E49CBFF11153}.Release|x64.ActiveCfg = Release|Any CPU
		{82942005-087A-4FA9-A540-E49CBFF11153}.Release|x64.Build.0 = Release|Any CPU
		{82942005-087A-4FA9-A540-E49CBFF11153}.Release|x86.ActiveCfg = Release|Any CPU
		{82942005-087A-4FA9-A540-E49CBFF11153}.Release|x86.Build.0 = Release|Any CPU
	EndGlobalSection
	GlobalSection(NestedProjects) = preSolution
		{BE144C5A-5886-44E3-9056-66E170EA5710} = {B7E9A229-AB31-47E5-A5BD-EA96F839A5AC}
		{A8044164-57E0-4D70-B573-66B0EBD7C3BB} = {B7E9A229-AB31-47E5-A5BD-EA96F839A5AC}
		{ED58046D-6764-4860-AEC1-472336D7AEE9} = {B7E9A229-AB31-47E5-A5BD-EA96F839A5AC}
		{9FD0E589-53DA-4E4D-9EF8-D66B4B764BCB} = {B7E9A229-AB31-47E5-A5BD-EA96F839A5AC}
		{8C542FB3-DC53-4E4F-AFF6-31FF07287F6D} = {2C20E006-2DA4-4248-8B98-506C906F5D0B}
		{9DEE1830-82F5-4309-A760-961C9355B2E1} = {8C542FB3-DC53-4E4F-AFF6-31FF07287F6D}
		{1DEC44CD-2E4D-4FBB-B856-3D4582736533} = {B7E9A229-AB31-47E5-A5BD-EA96F839A5AC}
		{52B7DA12-A127-408F-9D1A-26EAB7F8A3DF} = {B7E9A229-AB31-47E5-A5BD-EA96F839A5AC}
		{F6541E4C-B740-4D2C-B1F5-6C48FA56D33E} = {B7E9A229-AB31-47E5-A5BD-EA96F839A5AC}
		{600CF1CE-F825-413C-ABD2-5B419D87EC0F} = {B7E9A229-AB31-47E5-A5BD-EA96F839A5AC}
		{82942005-087A-4FA9-A540-E49CBFF11153} = {B7E9A229-AB31-47E5-A5BD-EA96F839A5AC}
	EndGlobalSection
EndGlobal
